github.com/giantswarm/microerror v0.1.1-0.20200205143715-01b76f66cae6 h1:lJr756ZiXB9+n9pCUjMMNKKf+Lli3qQsybugFxx7Gjo=
github.com/giantswarm/microerror v0.1.1-0.20200205143715-01b76f66cae6/go.mod h1://Lo9dKJ8P2TBciuky5fDHEItccyvZOWE+B/0JiJT8A=
github.com/google/go-cmp v0.3.1 h1:Xye71clBPdm5HgqGwUkwhbynsUJZhDbS20FvLhQ2izg=
github.com/google/go-cmp v0.3.1/go.mod h1:8QqcDgzrUqlUb/G2PQTWiueGozuR1884gddMywk6iLU=
